
Microsoft Visual Studio Solution File, Format Version 12.00
# Visual Studio Version 17
VisualStudioVersion = 17.14.36301.6
MinimumVisualStudioVersion = 10.0.40219.1
Project("{8BC9CEB8-8B4A-11D0-8D11-00A0C91BC942}") = "CG_20251013", "CG_20251013\CG_20251013.vcxproj", "{35901A0A-B567-4735-9674-46F791AED0F1}"
EndProject
Project("{8BC9CEB8-8B4A-11D0-8D11-00A0C91BC942}") = "Tesk_16", "Tesk_16\Tesk_16.vcxproj", "{1E490461-A6FA-4CE1-84FE-BE1A55C86990}"
EndProject
Project("{8BC9CEB8-8B4A-11D0-8D11-00A0C91BC942}") = "Test", "Test\Test.vcxproj", "{80F12A05-628B-4C23-B9D7-52A3926E8E8E}"
EndProject
Global
	GlobalSection(SolutionConfigurationPlatforms) = preSolution
		Debug|x64 = Debug|x64
		Debug|x86 = Debug|x86
		Release|x64 = Release|x64
		Release|x86 = Release|x86
	EndGlobalSection
	GlobalSection(ProjectConfigurationPlatforms) = postSolution
		{35901A0A-B567-4735-9674-46F791AED0F1}.Debug|x64.ActiveCfg = Debug|x64
		{35901A0A-B567-4735-9674-46F791AED0F1}.Debug|x64.Build.0 = Debug|x64
		{35901A0A-B567-4735-9674-46F791AED0F1}.Debug|x86.ActiveCfg = Debug|Win32
		{35901A0A-B567-4735-9674-46F791AED0F1}.Debug|x86.Build.0 = Debug|Win32
		{35901A0A-B567-4735-9674-46F791AED0F1}.Release|x64.ActiveCfg = Release|x64
		{35901A0A-B567-4735-9674-46F791AED0F1}.Release|x64.Build.0 = Release|x64
		{35901A0A-B567-4735-9674-46F791AED0F1}.Release|x86.ActiveCfg = Release|Win32
		{35901A0A-B567-4735-9674-46F791AED0F1}.Release|x86.Build.0 = Release|Win32
		{1E490461-A6FA-4CE1-84FE-BE1A55C86990}.Debug|x64.ActiveCfg = Debug|x64
		{1E490461-A6FA-4CE1-84FE-BE1A55C86990}.Debug|x64.Build.0 = Debug|x64
		{1E490461-A6FA-4CE1-84FE-BE1A55C86990}.Debug|x86.ActiveCfg = Debug|Win32
		{1E490461-A6FA-4CE1-84FE-BE1A55C86990}.Debug|x86.Build.0 = Debug|Win32
		{1E490461-A6FA-4CE1-84FE-BE1A55C86990}.Release|x64.ActiveCfg = Release|x64
		{1E490461-A6FA-4CE1-84FE-BE1A55C86990}.Release|x64.Build.0 = Release|x64
		{1E490461-A6FA-4CE1-84FE-BE1A55C86990}.Release|x86.ActiveCfg = Release|Win32
		{1E490461-A6FA-4CE1-84FE-BE1A55C86990}.Release|x86.Build.0 = Release|Win32
		{80F12A05-628B-4C23-B9D7-52A3926E8E8E}.Debug|x64.ActiveCfg = Debug|x64
		{80F12A05-628B-4C23-B9D7-52A3926E8E8E}.Debug|x64.Build.0 = Debug|x64
		{80F12A05-628B-4C23-B9D7-52A3926E8E8E}.Debug|x86.ActiveCfg = Debug|Win32
		{80F12A05-628B-4C23-B9D7-52A3926E8E8E}.Debug|x86.Build.0 = Debug|Win32
		{80F12A05-628B-4C23-B9D7-52A3926E8E8E}.Release|x64.ActiveCfg = Release|x64
		{80F12A05-628B-4C23-B9D7-52A3926E8E8E}.Release|x64.Build.0 = Release|x64
		{80F12A05-628B-4C23-B9D7-52A3926E8E8E}.Release|x86.ActiveCfg = Release|Win32
		{80F12A05-628B-4C23-B9D7-52A3926E8E8E}.Release|x86.Build.0 = Release|Win32
	EndGlobalSection
	GlobalSection(SolutionProperties) = preSolution
		HideSolutionNode = FALSE
	EndGlobalSection
	GlobalSection(ExtensibilityGlobals) = postSolution
		SolutionGuid = {F2FB89B0-E9B8-472A-BF8E-88ADEF41F8FB}
	EndGlobalSection
EndGlobal
